# This file is automatically @generated by Poetry 1.6.1 and should not be changed by hand.

[[package]]
name = "greenlet"
version = "2.0.2"
description = "Lightweight in-process concurrent programming"
optional = false
python-versions = ">=2.7,!=3.0.*,!=3.1.*,!=3.2.*,!=3.3.*,!=3.4.*"
files = [
    {file = "greenlet-2.0.2-cp27-cp27m-macosx_10_14_x86_64.whl", hash = "sha256:bdfea8c661e80d3c1c99ad7c3ff74e6e87184895bbaca6ee8cc61209f8b9b85d"},
    {file = "greenlet-2.0.2-cp27-cp27m-manylinux2010_x86_64.whl", hash = "sha256:9d14b83fab60d5e8abe587d51c75b252bcc21683f24699ada8fb275d7712f5a9"},
    {file = "greenlet-2.0.2-cp27-cp27m-win32.whl", hash = "sha256:6c3acb79b0bfd4fe733dff8bc62695283b57949ebcca05ae5c129eb606ff2d74"},
    {file = "greenlet-2.0.2-cp27-cp27m-win_amd64.whl", hash = "sha256:283737e0da3f08bd637b5ad058507e578dd462db259f7f6e4c5c365ba4ee9343"},
    {file = "greenlet-2.0.2-cp27-cp27mu-manylinux2010_x86_64.whl", hash = "sha256:d27ec7509b9c18b6d73f2f5ede2622441de812e7b1a80bbd446cb0633bd3d5ae"},
    {file = "greenlet-2.0.2-cp310-cp310-macosx_11_0_x86_64.whl", hash = "sha256:30bcf80dda7f15ac77ba5af2b961bdd9dbc77fd4ac6105cee85b0d0a5fcf74df"},
    {file = "greenlet-2.0.2-cp310-cp310-manylinux_2_17_aarch64.manylinux2014_aarch64.whl", hash = "sha256:26fbfce90728d82bc9e6c38ea4d038cba20b7faf8a0ca53a9c07b67318d46088"},
    {file = "greenlet-2.0.2-cp310-cp310-manylinux_2_17_ppc64le.manylinux2014_ppc64le.whl", hash = "sha256:9190f09060ea4debddd24665d6804b995a9c122ef5917ab26e1566dcc712ceeb"},
    {file = "greenlet-2.0.2-cp310-cp310-manylinux_2_17_x86_64.manylinux2014_x86_64.whl", hash = "sha256:d75209eed723105f9596807495d58d10b3470fa6732dd6756595e89925ce2470"},
    {file = "greenlet-2.0.2-cp310-cp310-musllinux_1_1_aarch64.whl", hash = "sha256:3a51c9751078733d88e013587b108f1b7a1fb106d402fb390740f002b6f6551a"},
    {file = "greenlet-2.0.2-cp310-cp310-musllinux_1_1_x86_64.whl", hash = "sha256:76ae285c8104046b3a7f06b42f29c7b73f77683df18c49ab5af7983994c2dd91"},
    {file = "greenlet-2.0.2-cp310-cp310-win_amd64.whl", hash = "sha256:2d4686f195e32d36b4d7cf2d166857dbd0ee9f3d20ae349b6bf8afc8485b3645"},
    {file = "greenlet-2.0.2-cp311-cp311-macosx_10_9_universal2.whl", hash = "sha256:c4302695ad8027363e96311df24ee28978162cdcdd2006476c43970b384a244c"},
    {file = "greenlet-2.0.2-cp311-cp311-manylinux_2_17_aarch64.manylinux2014_aarch64.whl", hash = "sha256:c48f54ef8e05f04d6eff74b8233f6063cb1ed960243eacc474ee73a2ea8573ca"},
    {file = "greenlet-2.0.2-cp311-cp311-manylinux_2_17_ppc64le.manylinux2014_ppc64le.whl", hash = "sha256:a1846f1b999e78e13837c93c778dcfc3365902cfb8d1bdb7dd73ead37059f0d0"},
    {file = "greenlet-2.0.2-cp311-cp311-manylinux_2_17_x86_64.manylinux2014_x86_64.whl", hash = "sha256:3a06ad5312349fec0ab944664b01d26f8d1f05009566339ac6f63f56589bc1a2"},
    {file = "greenlet-2.0.2-cp311-cp311-musllinux_1_1_aarch64.whl", hash = "sha256:eff4eb9b7eb3e4d0cae3d28c283dc16d9bed6b193c2e1ace3ed86ce48ea8df19"},
    {file = "greenlet-2.0.2-cp311-cp311-musllinux_1_1_x86_64.whl", hash = "sha256:5454276c07d27a740c5892f4907c86327b632127dd9abec42ee62e12427ff7e3"},
    {file = "greenlet-2.0.2-cp311-cp311-win_amd64.whl", hash = "sha256:7cafd1208fdbe93b67c7086876f061f660cfddc44f404279c1585bbf3cdc64c5"},
    {file = "greenlet-2.0.2-cp35-cp35m-macosx_10_14_x86_64.whl", hash = "sha256:910841381caba4f744a44bf81bfd573c94e10b3045ee00de0cbf436fe50673a6"},
    {file = "greenlet-2.0.2-cp35-cp35m-manylinux2010_x86_64.whl", hash = "sha256:18a7f18b82b52ee85322d7a7874e676f34ab319b9f8cce5de06067384aa8ff43"},
    {file = "greenlet-2.0.2-cp35-cp35m-win32.whl", hash = "sha256:03a8f4f3430c3b3ff8d10a2a86028c660355ab637cee9333d63d66b56f09d52a"},
    {file = "greenlet-2.0.2-cp35-cp35m-win_amd64.whl", hash = "sha256:4b58adb399c4d61d912c4c331984d60eb66565175cdf4a34792cd9600f21b394"},
    {file = "greenlet-2.0.2-cp36-cp36m-macosx_10_14_x86_64.whl", hash = "sha256:703f18f3fda276b9a916f0934d2fb6d989bf0b4fb5a64825260eb9bfd52d78f0"},
    {file = "greenlet-2.0.2-cp36-cp36m-manylinux2010_x86_64.whl", hash = "sha256:32e5b64b148966d9cccc2c8d35a671409e45f195864560829f395a54226408d3"},
    {file = "greenlet-2.0.2-cp36-cp36m-manylinux_2_17_aarch64.manylinux2014_aarch64.whl", hash = "sha256:2dd11f291565a81d71dab10b7033395b7a3a5456e637cf997a6f33ebdf06f8db"},
    {file = "greenlet-2.0.2-cp36-cp36m-manylinux_2_17_ppc64le.manylinux2014_ppc64le.whl", hash = "sha256:e0f72c9ddb8cd28532185f54cc1453f2c16fb417a08b53a855c4e6a418edd099"},
    {file = "greenlet-2.0.2-cp36-cp36m-manylinux_2_17_x86_64.manylinux2014_x86_64.whl", hash = "sha256:cd021c754b162c0fb55ad5d6b9d960db667faad0fa2ff25bb6e1301b0b6e6a75"},
    {file = "greenlet-2.0.2-cp36-cp36m-musllinux_1_1_aarch64.whl", hash = "sha256:3c9b12575734155d0c09d6c3e10dbd81665d5c18e1a7c6597df72fd05990c8cf"},
    {file = "greenlet-2.0.2-cp36-cp36m-musllinux_1_1_x86_64.whl", hash = "sha256:b9ec052b06a0524f0e35bd8790686a1da006bd911dd1ef7d50b77bfbad74e292"},
    {file = "greenlet-2.0.2-cp36-cp36m-win32.whl", hash = "sha256:dbfcfc0218093a19c252ca8eb9aee3d29cfdcb586df21049b9d777fd32c14fd9"},
    {file = "greenlet-2.0.2-cp36-cp36m-win_amd64.whl", hash = "sha256:9f35ec95538f50292f6d8f2c9c9f8a3c6540bbfec21c9e5b4b751e0a7c20864f"},
    {file = "greenlet-2.0.2-cp37-cp37m-macosx_10_15_x86_64.whl", hash = "sha256:d5508f0b173e6aa47273bdc0a0b5ba055b59662ba7c7ee5119528f466585526b"},
    {file = "greenlet-2.0.2-cp37-cp37m-manylinux2010_x86_64.whl", hash = "sha256:f82d4d717d8ef19188687aa32b8363e96062911e63ba22a0cff7802a8e58e5f1"},
    {file = "greenlet-2.0.2-cp37-cp37m-manylinux_2_17_aarch64.manylinux2014_aarch64.whl", hash = "sha256:c9c59a2120b55788e800d82dfa99b9e156ff8f2227f07c5e3012a45a399620b7"},
    {file = "greenlet-2.0.2-cp37-cp37m-manylinux_2_17_ppc64le.manylinux2014_ppc64le.whl", hash = "sha256:2780572ec463d44c1d3ae850239508dbeb9fed38e294c68d19a24d925d9223ca"},
    {file = "greenlet-2.0.2-cp37-cp37m-manylinux_2_17_x86_64.manylinux2014_x86_64.whl", hash = "sha256:937e9020b514ceedb9c830c55d5c9872abc90f4b5862f89c0887033ae33c6f73"},
    {file = "greenlet-2.0.2-cp37-cp37m-musllinux_1_1_aarch64.whl", hash = "sha256:36abbf031e1c0f79dd5d596bfaf8e921c41df2bdf54ee1eed921ce1f52999a86"},
    {file = "greenlet-2.0.2-cp37-cp37m-musllinux_1_1_x86_64.whl", hash = "sha256:18e98fb3de7dba1c0a852731c3070cf022d14f0d68b4c87a19cc1016f3bb8b33"},
    {file = "greenlet-2.0.2-cp37-cp37m-win32.whl", hash = "sha256:3f6ea9bd35eb450837a3d80e77b517ea5bc56b4647f5502cd28de13675ee12f7"},
    {file = "greenlet-2.0.2-cp37-cp37m-win_amd64.whl", hash = "sha256:7492e2b7bd7c9b9916388d9df23fa49d9b88ac0640db0a5b4ecc2b653bf451e3"},
    {file = "greenlet-2.0.2-cp38-cp38-macosx_10_15_x86_64.whl", hash = "sha256:b864ba53912b6c3ab6bcb2beb19f19edd01a6bfcbdfe1f37ddd1778abfe75a30"},
    {file = "greenlet-2.0.2-cp38-cp38-manylinux2010_x86_64.whl", hash = "sha256:ba2956617f1c42598a308a84c6cf021a90ff3862eddafd20c3333d50f0edb45b"},
    {file = "greenlet-2.0.2-cp38-cp38-manylinux_2_17_aarch64.manylinux2014_aarch64.whl", hash = "sha256:fc3a569657468b6f3fb60587e48356fe512c1754ca05a564f11366ac9e306526"},
    {file = "greenlet-2.0.2-cp38-cp38-manylinux_2_17_ppc64le.manylinux2014_ppc64le.whl", hash = "sha256:8eab883b3b2a38cc1e050819ef06a7e6344d4a990d24d45bc6f2cf959045a45b"},
    {file = "greenlet-2.0.2-cp38-cp38-manylinux_2_17_x86_64.manylinux2014_x86_64.whl", hash = "sha256:acd2162a36d3de67ee896c43effcd5ee3de247eb00354db411feb025aa319857"},
    {file = "greenlet-2.0.2-cp38-cp38-musllinux_1_1_aarch64.whl", hash = "sha256:0bf60faf0bc2468089bdc5edd10555bab6e85152191df713e2ab1fcc86382b5a"},
    {file = "greenlet-2.0.2-cp38-cp38-musllinux_1_1_x86_64.whl", hash = "sha256:b0ef99cdbe2b682b9ccbb964743a6aca37905fda5e0452e5ee239b1654d37f2a"},
    {file = "greenlet-2.0.2-cp38-cp38-win32.whl", hash = "sha256:b80f600eddddce72320dbbc8e3784d16bd3fb7b517e82476d8da921f27d4b249"},
    {file = "greenlet-2.0.2-cp38-cp38-win_amd64.whl", hash = "sha256:4d2e11331fc0c02b6e84b0d28ece3a36e0548ee1a1ce9ddde03752d9b79bba40"},
    {file = "greenlet-2.0.2-cp39-cp39-macosx_11_0_x86_64.whl", hash = "sha256:88d9ab96491d38a5ab7c56dd7a3cc37d83336ecc564e4e8816dbed12e5aaefc8"},
    {file = "greenlet-2.0.2-cp39-cp39-manylinux2010_x86_64.whl", hash = "sha256:561091a7be172ab497a3527602d467e2b3fbe75f9e783d8b8ce403fa414f71a6"},
    {file = "greenlet-2.0.2-cp39-cp39-manylinux_2_17_aarch64.manylinux2014_aarch64.whl", hash = "sha256:971ce5e14dc5e73715755d0ca2975ac88cfdaefcaab078a284fea6cfabf866df"},
    {file = "greenlet-2.0.2-cp39-cp39-manylinux_2_17_ppc64le.manylinux2014_ppc64le.whl", hash = "sha256:be4ed120b52ae4d974aa40215fcdfde9194d63541c7ded40ee12eb4dda57b76b"},
    {file = "greenlet-2.0.2-cp39-cp39-manylinux_2_17_x86_64.manylinux2014_x86_64.whl", hash = "sha256:94c817e84245513926588caf1152e3b559ff794d505555211ca041f032abbb6b"},
    {file = "greenlet-2.0.2-cp39-cp39-musllinux_1_1_aarch64.whl", hash = "sha256:1a819eef4b0e0b96bb0d98d797bef17dc1b4a10e8d7446be32d1da33e095dbb8"},
    {file = "greenlet-2.0.2-cp39-cp39-musllinux_1_1_x86_64.whl", hash = "sha256:7efde645ca1cc441d6dc4b48c0f7101e8d86b54c8530141b09fd31cef5149ec9"},
    {file = "greenlet-2.0.2-cp39-cp39-win32.whl", hash = "sha256:ea9872c80c132f4663822dd2a08d404073a5a9b5ba6155bea72fb2a79d1093b5"},
    {file = "greenlet-2.0.2-cp39-cp39-win_amd64.whl", hash = "sha256:db1a39669102a1d8d12b57de2bb7e2ec9066a6f2b3da35ae511ff93b01b5d564"},
    {file = "greenlet-2.0.2.tar.gz", hash = "sha256:e7c8dc13af7db097bed64a051d2dd49e9f0af495c26995c00a9ee842690d34c0"},
]

[package.extras]
docs = ["Sphinx", "docutils (<0.18)"]
test = ["objgraph", "psutil"]

[[package]]
name = "importlib-metadata"
version = "6.8.0"
description = "Read metadata from Python packages"
optional = false
python-versions = ">=3.8"
files = [
    {file = "importlib_metadata-6.8.0-py3-none-any.whl", hash = "sha256:3ebb78df84a805d7698245025b975d9d67053cd94c79245ba4b3eb694abe68bb"},
    {file = "importlib_metadata-6.8.0.tar.gz", hash = "sha256:dbace7892d8c0c4ac1ad096662232f831d4e64f4c4545bd53016a3e9d4654743"},
]

[package.dependencies]
zipp = ">=0.5"

[package.extras]
docs = ["furo", "jaraco.packaging (>=9)", "jaraco.tidelift (>=1.4)", "rst.linker (>=1.9)", "sphinx (>=3.5)", "sphinx-lint"]
perf = ["ipython"]
testing = ["flufl.flake8", "importlib-resources (>=1.3)", "packaging", "pyfakefs", "pytest (>=6)", "pytest-black (>=0.3.7)", "pytest-checkdocs (>=2.4)", "pytest-cov", "pytest-enabler (>=2.2)", "pytest-mypy (>=0.9.1)", "pytest-perf (>=0.9.2)", "pytest-ruff"]

[[package]]
name = "psycopg"
version = "3.1.12"
description = "PostgreSQL database adapter for Python"
optional = false
python-versions = ">=3.7"
files = [
    {file = "psycopg-3.1.12-py3-none-any.whl", hash = "sha256:8ec5230d6a7eb654b4fb3cf2d3eda8871d68f24807b934790504467f1deee9f8"},
    {file = "psycopg-3.1.12.tar.gz", hash = "sha256:cec7ad2bc6a8510e56c45746c631cf9394148bdc8a9a11fd8cf8554ce129ae78"},
]

[package.dependencies]
psycopg-binary = {version = "3.1.12", optional = true, markers = "extra == \"binary\""}
psycopg-pool = {version = "*", optional = true, markers = "extra == \"pool\""}
typing-extensions = ">=4.1"
tzdata = {version = "*", markers = "sys_platform == \"win32\""}

[package.extras]
binary = ["psycopg-binary (==3.1.12)"]
c = ["psycopg-c (==3.1.12)"]
dev = ["black (>=23.1.0)", "dnspython (>=2.1)", "flake8 (>=4.0)", "mypy (>=1.4.1)", "types-setuptools (>=57.4)", "wheel (>=0.37)"]
docs = ["Sphinx (>=5.0)", "furo (==2022.6.21)", "sphinx-autobuild (>=2021.3.14)", "sphinx-autodoc-typehints (>=1.12)"]
pool = ["psycopg-pool"]
test = ["anyio (>=3.6.2,<4.0)", "mypy (>=1.4.1)", "pproxy (>=2.7)", "pytest (>=6.2.5)", "pytest-cov (>=3.0)", "pytest-randomly (>=3.5)"]

[[package]]
name = "psycopg-binary"
version = "3.1.12"
description = "PostgreSQL database adapter for Python -- C optimisation distribution"
optional = false
python-versions = ">=3.7"
files = [
    {file = "psycopg_binary-3.1.12-cp310-cp310-macosx_10_9_x86_64.whl", hash = "sha256:29a69f62aae8617361376d9ed1e34966ae9c3a74c4ab3aa430a7ce0c11530862"},
    {file = "psycopg_binary-3.1.12-cp310-cp310-macosx_11_0_arm64.whl", hash = "sha256:7308316fdb6796399041b80db0ab9f356504ed26427e46834ade82ba94b067ce"},
    {file = "psycopg_binary-3.1.12-cp310-cp310-manylinux_2_17_aarch64.manylinux2014_aarch64.whl", hash = "sha256:130752b9b2f8d071f179e257b9698cedfe4546be81ad5ecd8ed52cf9d725580d"},
    {file = "psycopg_binary-3.1.12-cp310-cp310-manylinux_2_17_i686.manylinux2014_i686.whl", hash = "sha256:45bcecc96a6e6fe11e06b75f7ba8005d6f717f16fae7ab1cf5a0aec5191f87c3"},
    {file = "psycopg_binary-3.1.12-cp310-cp310-manylinux_2_17_ppc64le.manylinux2014_ppc64le.whl", hash = "sha256:bc3f0fcc4fcccffda2450c725bee9fad73bc6c110cfbe3b8a777063845d9c6b9"},
    {file = "psycopg_binary-3.1.12-cp310-cp310-manylinux_2_17_x86_64.manylinux2014_x86_64.whl", hash = "sha256:f93749f0fe69cfbfec22af690bb4b241f1a4347c57be26fe2e5b70588f7d602f"},
    {file = "psycopg_binary-3.1.12-cp310-cp310-musllinux_1_1_aarch64.whl", hash = "sha256:36147f708cc6a9d74c2b8d880f8dd3a6d53364b5c487536adaa022d435c90733"},
    {file = "psycopg_binary-3.1.12-cp310-cp310-musllinux_1_1_i686.whl", hash = "sha256:2bbcc6fbabc2b92d18d955d9fa104fd9d8bd2dcb97a279c4e788c6b714ffd1af"},
    {file = "psycopg_binary-3.1.12-cp310-cp310-musllinux_1_1_ppc64le.whl", hash = "sha256:0dee8a1ecc501d9c3db06d08184712459bbb5806a09121c3a25e8cbe91e234d7"},
    {file = "psycopg_binary-3.1.12-cp310-cp310-musllinux_1_1_x86_64.whl", hash = "sha256:49d6acf228edb5bd9000735b89b780b18face776d081b905cf68e149d57dfcc1"},
    {file = "psycopg_binary-3.1.12-cp310-cp310-win_amd64.whl", hash = "sha256:ee65335781a54f29f4abc28060a6188c41bdd42fdc3cbc1dd84695ed8ef18321"},
    {file = "psycopg_binary-3.1.12-cp311-cp311-macosx_10_9_x86_64.whl", hash = "sha256:d401722aa38bda64d1ba8293f6dad99f6f684711e2c016a93f138f2bbcff2a4b"},
    {file = "psycopg_binary-3.1.12-cp311-cp311-macosx_11_0_arm64.whl", hash = "sha256:46eac158e8e794d9414a8fe7706beeee9b1ecc4accbea914314825ace8137105"},
    {file = "psycopg_binary-3.1.12-cp311-cp311-manylinux_2_17_aarch64.manylinux2014_aarch64.whl", hash = "sha256:3f017400679aa38f6cb22b888b8ec198a5b100ec2132e6b3bcfa797b14b5b438"},
    {file = "psycopg_binary-3.1.12-cp311-cp311-manylinux_2_17_i686.manylinux2014_i686.whl", hash = "sha256:d176c4614f5208ab9938d5426d61627c8fbc7f8dab53fef42c8bf2ab8605aa51"},
    {file = "psycopg_binary-3.1.12-cp311-cp311-manylinux_2_17_ppc64le.manylinux2014_ppc64le.whl", hash = "sha256:c48c4f3fcfd9e75e3fdb18eea320de591e06059a859280ec26ce8d753299353d"},
    {file = "psycopg_binary-3.1.12-cp311-cp311-manylinux_2_17_x86_64.manylinux2014_x86_64.whl", hash = "sha256:98fce28d8136bdd883f20d26467bf259b5fb559eb64d8f83695690714cdfdad3"},
    {file = "psycopg_binary-3.1.12-cp311-cp311-musllinux_1_1_aarch64.whl", hash = "sha256:e4a0f44bc29fc1b56ee1c865796cbe354078ee1e985f898e4915db185055bf7d"},
    {file = "psycopg_binary-3.1.12-cp311-cp311-musllinux_1_1_i686.whl", hash = "sha256:6def4f238ca02d6b42336b405d02729c081c978cda9b6ba7549a9c63a91ba823"},
    {file = "psycopg_binary-3.1.12-cp311-cp311-musllinux_1_1_ppc64le.whl", hash = "sha256:000838cb5ab7851116b462e58893a96b0f1e35864135a6283f3242a730ec45d3"},
    {file = "psycopg_binary-3.1.12-cp311-cp311-musllinux_1_1_x86_64.whl", hash = "sha256:e7949e1aefe339f04dbecac6aa036c9cd137a58f966c4b96ab933823c340ee12"},
    {file = "psycopg_binary-3.1.12-cp311-cp311-win_amd64.whl", hash = "sha256:b32922872460575083487de41e17e8cf308c3550da02c704efe42960bc6c19de"},
    {file = "psycopg_binary-3.1.12-cp37-cp37m-macosx_10_9_x86_64.whl", hash = "sha256:b81427fd5a97c9b4ac12f3b8d985870b0c3866b5fc2e72e51cacd3630ffd6466"},
    {file = "psycopg_binary-3.1.12-cp37-cp37m-manylinux_2_17_aarch64.manylinux2014_aarch64.whl", hash = "sha256:3f17a2c393879aa54f840540009d0e70a30d22ffa0038d81e258ac2c99b15d74"},
    {file = "psycopg_binary-3.1.12-cp37-cp37m-manylinux_2_17_i686.manylinux2014_i686.whl", hash = "sha256:6c6a5d125a61101ef5ab7384206e43952fe2a5fca997b96d28a28a752512f900"},
    {file = "psycopg_binary-3.1.12-cp37-cp37m-manylinux_2_17_ppc64le.manylinux2014_ppc64le.whl", hash = "sha256:942a18df448a33d77aa7dff7e93062ace7926608a965db003622cb5f27910ba2"},
    {file = "psycopg_binary-3.1.12-cp37-cp37m-manylinux_2_17_x86_64.manylinux2014_x86_64.whl", hash = "sha256:3195baff3e3e5d71828400d38af0ffc5a15d7dca2bfaadc9eb615235774b9290"},
    {file = "psycopg_binary-3.1.12-cp37-cp37m-musllinux_1_1_aarch64.whl", hash = "sha256:f26bb34e0e9bb83fba00c4835f91f5c5348cdf689df8c8b503571c0d0027c8f5"},
    {file = "psycopg_binary-3.1.12-cp37-cp37m-musllinux_1_1_i686.whl", hash = "sha256:104bdc85c5c4884b3f900155b635588a28740f561b32a3e27c38bcd249feba41"},
    {file = "psycopg_binary-3.1.12-cp37-cp37m-musllinux_1_1_ppc64le.whl", hash = "sha256:53464cb71e06faac479f44b8870f115004187e1dfb299b9725d1d7f85d9e5479"},
    {file = "psycopg_binary-3.1.12-cp37-cp37m-musllinux_1_1_x86_64.whl", hash = "sha256:052835aac03ee6a9d5b6fe35c468da79084ebe38709e6d3c24ff5b9422fb2947"},
    {file = "psycopg_binary-3.1.12-cp37-cp37m-win_amd64.whl", hash = "sha256:a21a7fffec1a225b26d72adb960d771fc5a9aba8e1f7dd710abcaa9a980e9740"},
    {file = "psycopg_binary-3.1.12-cp38-cp38-macosx_10_9_x86_64.whl", hash = "sha256:6925a543e88cdfd1a2f679c7a33c08f107de60728a4a3c52f88d4491d40a7f51"},
    {file = "psycopg_binary-3.1.12-cp38-cp38-macosx_11_0_arm64.whl", hash = "sha256:b04957bd5caff94eac38306357b6d448dd20a6f68fd998e115e3731a55118d83"},
    {file = "psycopg_binary-3.1.12-cp38-cp38-manylinux_2_17_aarch64.manylinux2014_aarch64.whl", hash = "sha256:f6f55979804853efa5ce84d7ef59ff3772e0823247497f7d4a6870e6527fd791"},
    {file = "psycopg_binary-3.1.12-cp38-cp38-manylinux_2_17_i686.manylinux2014_i686.whl", hash = "sha256:7d343e1f564fdc8964e1c08b8a6c1f6ebf4b45ee5631b5241c9cbac793f4500c"},
    {file = "psycopg_binary-3.1.12-cp38-cp38-manylinux_2_17_ppc64le.manylinux2014_ppc64le.whl", hash = "sha256:48c4ba35f717783327931aa9da6e6aab81b6b90f3e6b902b18e269d73e7d0882"},
    {file = "psycopg_binary-3.1.12-cp38-cp38-manylinux_2_17_x86_64.manylinux2014_x86_64.whl", hash = "sha256:d77c95d6086e0714225764772bf8110bb29dfbc6c32aa56e725a01998ce20e7c"},
    {file = "psycopg_binary-3.1.12-cp38-cp38-musllinux_1_1_aarch64.whl", hash = "sha256:6dea80e65c7a97150d555b64744e7279ff4c6b259d27580b756a5b282a7d44e3"},
    {file = "psycopg_binary-3.1.12-cp38-cp38-musllinux_1_1_i686.whl", hash = "sha256:03a851123d0155e1d6ca5b6cccf624e2fc71c8f7eae76f5100196e0fca047d30"},
    {file = "psycopg_binary-3.1.12-cp38-cp38-musllinux_1_1_ppc64le.whl", hash = "sha256:99ad07b9ef5853713bb63c55e179af52994e96f445c5d66b87d8b986182922ef"},
    {file = "psycopg_binary-3.1.12-cp38-cp38-musllinux_1_1_x86_64.whl", hash = "sha256:4441d0f8ecae499a6ac5c79078c9fcd406c0bf70e72cb6cba888aca51aa46943"},
    {file = "psycopg_binary-3.1.12-cp38-cp38-win_amd64.whl", hash = "sha256:cb45a709b966583773acc3418fffbf6d73b014943b6efceca6a7d3ca960956cf"},
    {file = "psycopg_binary-3.1.12-cp39-cp39-macosx_10_9_x86_64.whl", hash = "sha256:5112245daf98e22046316e72690689a8952a9b078908206a6b16cd28d84cde7c"},
    {file = "psycopg_binary-3.1.12-cp39-cp39-macosx_11_0_arm64.whl", hash = "sha256:c2eb94bf0bd653c940517cd92dc4f98c85d505f69013b247dda747413bcf0a8b"},
    {file = "psycopg_binary-3.1.12-cp39-cp39-manylinux_2_17_aarch64.manylinux2014_aarch64.whl", hash = "sha256:d41b03ce52a109858735ac19fe0295e3f77bef0388d6a3e105074ad68f4a9645"},
    {file = "psycopg_binary-3.1.12-cp39-cp39-manylinux_2_17_i686.manylinux2014_i686.whl", hash = "sha256:4fddc3c9beaf745de3da10230f0144a4c667b21c3f7a94a3bb1fb004954c9810"},
    {file = "psycopg_binary-3.1.12-cp39-cp39-manylinux_2_17_ppc64le.manylinux2014_ppc64le.whl", hash = "sha256:c5987616698c895ae079fb5e26811b72948cb3b75c2c690446379298e96c1568"},
    {file = "psycopg_binary-3.1.12-cp39-cp39-manylinux_2_17_x86_64.manylinux2014_x86_64.whl", hash = "sha256:f4ae45d58bd79795a2d23d05be5496b226b09ac2688b9ed9808e13c345e2d542"},
    {file = "psycopg_binary-3.1.12-cp39-cp39-musllinux_1_1_aarch64.whl", hash = "sha256:bb98252ac8ba41a121f88979e4232ffc1d6722c953531cbdae2b328322308581"},
    {file = "psycopg_binary-3.1.12-cp39-cp39-musllinux_1_1_i686.whl", hash = "sha256:ca09e4937c9db24a58951ee9aea7aae7bca11a954b30c59f3b271e9bdebd80d7"},
    {file = "psycopg_binary-3.1.12-cp39-cp39-musllinux_1_1_ppc64le.whl", hash = "sha256:03e321e149d051daa20892ed1bb3beabf0aae98a8c37da30ec80fa12306f9ba9"},
    {file = "psycopg_binary-3.1.12-cp39-cp39-musllinux_1_1_x86_64.whl", hash = "sha256:d819cb43cccc10ba501b9d462409fcaaeb19f77b8379b2e7ca0ced4a49446d4a"},
    {file = "psycopg_binary-3.1.12-cp39-cp39-win_amd64.whl", hash = "sha256:c9eb2ba27760bc1303f0708ba95b9e4f3f3b77a081ef4f7f53375c71da3a1bee"},
]

[[package]]
name = "psycopg-pool"
version = "3.1.8"
description = "Connection Pool for Psycopg"
optional = false
python-versions = ">=3.7"
files = [
    {file = "psycopg-pool-3.1.8.tar.gz", hash = "sha256:53d9691503b538d419bf147359028633780294976743b1654dbf5f3a85b675db"},
    {file = "psycopg_pool-3.1.8-py3-none-any.whl", hash = "sha256:dc9b177e749aae4ad155d22f9d02ccb14fe2bf30792227fb02317361b446ee39"},
]

[package.dependencies]
typing-extensions = ">=3.10"

[[package]]
name = "sqlalchemy"
version = "2.0.21"
description = "Database Abstraction Library"
optional = false
python-versions = ">=3.7"
files = [
    {file = "SQLAlchemy-2.0.21-cp310-cp310-macosx_10_9_x86_64.whl", hash = "sha256:1e7dc99b23e33c71d720c4ae37ebb095bebebbd31a24b7d99dfc4753d2803ede"},
    {file = "SQLAlchemy-2.0.21-cp310-cp310-macosx_11_0_arm64.whl", hash = "sha256:7f0c4ee579acfe6c994637527c386d1c22eb60bc1c1d36d940d8477e482095d4"},
    {file = "SQLAlchemy-2.0.21-cp310-cp310-manylinux_2_17_aarch64.manylinux2014_aarch64.whl", hash = "sha256:3f7d57a7e140efe69ce2d7b057c3f9a595f98d0bbdfc23fd055efdfbaa46e3a5"},
    {file = "SQLAlchemy-2.0.21-cp310-cp310-manylinux_2_17_x86_64.manylinux2014_x86_64.whl", hash = "sha256:7ca38746eac23dd7c20bec9278d2058c7ad662b2f1576e4c3dbfcd7c00cc48fa"},
    {file = "SQLAlchemy-2.0.21-cp310-cp310-musllinux_1_1_aarch64.whl", hash = "sha256:3cf229704074bce31f7f47d12883afee3b0a02bb233a0ba45ddbfe542939cca4"},
    {file = "SQLAlchemy-2.0.21-cp310-cp310-musllinux_1_1_x86_64.whl", hash = "sha256:fb87f763b5d04a82ae84ccff25554ffd903baafba6698e18ebaf32561f2fe4aa"},
    {file = "SQLAlchemy-2.0.21-cp310-cp310-win32.whl", hash = "sha256:89e274604abb1a7fd5c14867a412c9d49c08ccf6ce3e1e04fffc068b5b6499d4"},
    {file = "SQLAlchemy-2.0.21-cp310-cp310-win_amd64.whl", hash = "sha256:e36339a68126ffb708dc6d1948161cea2a9e85d7d7b0c54f6999853d70d44430"},
    {file = "SQLAlchemy-2.0.21-cp311-cp311-macosx_10_9_x86_64.whl", hash = "sha256:bf8eebccc66829010f06fbd2b80095d7872991bfe8415098b9fe47deaaa58063"},
    {file = "SQLAlchemy-2.0.21-cp311-cp311-macosx_11_0_arm64.whl", hash = "sha256:b977bfce15afa53d9cf6a632482d7968477625f030d86a109f7bdfe8ce3c064a"},
    {file = "SQLAlchemy-2.0.21-cp311-cp311-manylinux_2_17_aarch64.manylinux2014_aarch64.whl", hash = "sha256:6ff3dc2f60dbf82c9e599c2915db1526d65415be323464f84de8db3e361ba5b9"},
    {file = "SQLAlchemy-2.0.21-cp311-cp311-manylinux_2_17_x86_64.manylinux2014_x86_64.whl", hash = "sha256:44ac5c89b6896f4740e7091f4a0ff2e62881da80c239dd9408f84f75a293dae9"},
    {file = "SQLAlchemy-2.0.21-cp311-cp311-musllinux_1_1_aarch64.whl", hash = "sha256:87bf91ebf15258c4701d71dcdd9c4ba39521fb6a37379ea68088ce8cd869b446"},
    {file = "SQLAlchemy-2.0.21-cp311-cp311-musllinux_1_1_x86_64.whl", hash = "sha256:b69f1f754d92eb1cc6b50938359dead36b96a1dcf11a8670bff65fd9b21a4b09"},
    {file = "SQLAlchemy-2.0.21-cp311-cp311-win32.whl", hash = "sha256:af520a730d523eab77d754f5cf44cc7dd7ad2d54907adeb3233177eeb22f271b"},
    {file = "SQLAlchemy-2.0.21-cp311-cp311-win_amd64.whl", hash = "sha256:141675dae56522126986fa4ca713739d00ed3a6f08f3c2eb92c39c6dfec463ce"},
    {file = "SQLAlchemy-2.0.21-cp37-cp37m-macosx_10_9_x86_64.whl", hash = "sha256:7614f1eab4336df7dd6bee05bc974f2b02c38d3d0c78060c5faa4cd1ca2af3b8"},
    {file = "SQLAlchemy-2.0.21-cp37-cp37m-manylinux_2_17_aarch64.manylinux2014_aarch64.whl", hash = "sha256:d59cb9e20d79686aa473e0302e4a82882d7118744d30bb1dfb62d3c47141b3ec"},
    {file = "SQLAlchemy-2.0.21-cp37-cp37m-manylinux_2_17_x86_64.manylinux2014_x86_64.whl", hash = "sha256:a95aa0672e3065d43c8aa80080cdd5cc40fe92dc873749e6c1cf23914c4b83af"},
    {file = "SQLAlchemy-2.0.21-cp37-cp37m-musllinux_1_1_aarch64.whl", hash = "sha256:8c323813963b2503e54d0944813cd479c10c636e3ee223bcbd7bd478bf53c178"},
    {file = "SQLAlchemy-2.0.21-cp37-cp37m-musllinux_1_1_x86_64.whl", hash = "sha256:419b1276b55925b5ac9b4c7044e999f1787c69761a3c9756dec6e5c225ceca01"},
    {file = "SQLAlchemy-2.0.21-cp37-cp37m-win32.whl", hash = "sha256:4615623a490e46be85fbaa6335f35cf80e61df0783240afe7d4f544778c315a9"},
    {file = "SQLAlchemy-2.0.21-cp37-cp37m-win_amd64.whl", hash = "sha256:cca720d05389ab1a5877ff05af96551e58ba65e8dc65582d849ac83ddde3e231"},
    {file = "SQLAlchemy-2.0.21-cp38-cp38-macosx_10_9_x86_64.whl", hash = "sha256:b4eae01faee9f2b17f08885e3f047153ae0416648f8e8c8bd9bc677c5ce64be9"},
    {file = "SQLAlchemy-2.0.21-cp38-cp38-macosx_11_0_arm64.whl", hash = "sha256:3eb7c03fe1cd3255811cd4e74db1ab8dca22074d50cd8937edf4ef62d758cdf4"},
    {file = "SQLAlchemy-2.0.21-cp38-cp38-manylinux_2_17_aarch64.manylinux2014_aarch64.whl", hash = "sha256:c2d494b6a2a2d05fb99f01b84cc9af9f5f93bf3e1e5dbdafe4bed0c2823584c1"},
    {file = "SQLAlchemy-2.0.21-cp38-cp38-manylinux_2_17_x86_64.manylinux2014_x86_64.whl", hash = "sha256:b19ae41ef26c01a987e49e37c77b9ad060c59f94d3b3efdfdbf4f3daaca7b5fe"},
    {file = "SQLAlchemy-2.0.21-cp38-cp38-musllinux_1_1_aarch64.whl", hash = "sha256:fc6b15465fabccc94bf7e38777d665b6a4f95efd1725049d6184b3a39fd54880"},
    {file = "SQLAlchemy-2.0.21-cp38-cp38-musllinux_1_1_x86_64.whl", hash = "sha256:014794b60d2021cc8ae0f91d4d0331fe92691ae5467a00841f7130fe877b678e"},
    {file = "SQLAlchemy-2.0.21-cp38-cp38-win32.whl", hash = "sha256:0268256a34806e5d1c8f7ee93277d7ea8cc8ae391f487213139018b6805aeaf6"},
    {file = "SQLAlchemy-2.0.21-cp38-cp38-win_amd64.whl", hash = "sha256:73c079e21d10ff2be54a4699f55865d4b275fd6c8bd5d90c5b1ef78ae0197301"},
    {file = "SQLAlchemy-2.0.21-cp39-cp39-macosx_10_9_x86_64.whl", hash = "sha256:785e2f2c1cb50d0a44e2cdeea5fd36b5bf2d79c481c10f3a88a8be4cfa2c4615"},
    {file = "SQLAlchemy-2.0.21-cp39-cp39-macosx_11_0_arm64.whl", hash = "sha256:c111cd40910ffcb615b33605fc8f8e22146aeb7933d06569ac90f219818345ef"},
    {file = "SQLAlchemy-2.0.21-cp39-cp39-manylinux_2_17_aarch64.manylinux2014_aarch64.whl", hash = "sha256:c9cba4e7369de663611ce7460a34be48e999e0bbb1feb9130070f0685e9a6b66"},
    {file = "SQLAlchemy-2.0.21-cp39-cp39-manylinux_2_17_x86_64.manylinux2014_x86_64.whl", hash = "sha256:50a69067af86ec7f11a8e50ba85544657b1477aabf64fa447fd3736b5a0a4f67"},
    {file = "SQLAlchemy-2.0.21-cp39-cp39-musllinux_1_1_aarch64.whl", hash = "sha256:ccb99c3138c9bde118b51a289d90096a3791658da9aea1754667302ed6564f6e"},
    {file = "SQLAlchemy-2.0.21-cp39-cp39-musllinux_1_1_x86_64.whl", hash = "sha256:513fd5b6513d37e985eb5b7ed89da5fd9e72354e3523980ef00d439bc549c9e9"},
    {file = "SQLAlchemy-2.0.21-cp39-cp39-win32.whl", hash = "sha256:f9fefd6298433b6e9188252f3bff53b9ff0443c8fde27298b8a2b19f6617eeb9"},
    {file = "SQLAlchemy-2.0.21-cp39-cp39-win_amd64.whl", hash = "sha256:2e617727fe4091cedb3e4409b39368f424934c7faa78171749f704b49b4bb4ce"},
    {file = "SQLAlchemy-2.0.21-py3-none-any.whl", hash = "sha256:ea7da25ee458d8f404b93eb073116156fd7d8c2a776d8311534851f28277b4ce"},
    {file = "SQLAlchemy-2.0.21.tar.gz", hash = "sha256:05b971ab1ac2994a14c56b35eaaa91f86ba080e9ad481b20d99d77f381bb6258"},
]

[package.dependencies]
greenlet = {version = "!=0.4.17", optional = true, markers = "platform_machine == \"aarch64\" or platform_machine == \"ppc64le\" or platform_machine == \"x86_64\" or platform_machine == \"amd64\" or platform_machine == \"AMD64\" or platform_machine == \"win32\" or platform_machine == \"WIN32\" or extra == \"asyncio\""}
typing-extensions = ">=4.2.0"

[package.extras]
aiomysql = ["aiomysql (>=0.2.0)", "greenlet (!=0.4.17)"]
aiosqlite = ["aiosqlite", "greenlet (!=0.4.17)", "typing-extensions (!=3.10.0.1)"]
asyncio = ["greenlet (!=0.4.17)"]
asyncmy = ["asyncmy (>=0.2.3,!=0.2.4,!=0.2.6)", "greenlet (!=0.4.17)"]
mariadb-connector = ["mariadb (>=1.0.1,!=1.1.2,!=1.1.5)"]
mssql = ["pyodbc"]
mssql-pymssql = ["pymssql"]
mssql-pyodbc = ["pyodbc"]
mypy = ["mypy (>=0.910)"]
mysql = ["mysqlclient (>=1.4.0)"]
mysql-connector = ["mysql-connector-python"]
oracle = ["cx-oracle (>=7)"]
oracle-oracledb = ["oracledb (>=1.0.1)"]
postgresql = ["psycopg2 (>=2.7)"]
postgresql-asyncpg = ["asyncpg", "greenlet (!=0.4.17)"]
postgresql-pg8000 = ["pg8000 (>=1.29.1)"]
postgresql-psycopg = ["psycopg (>=3.0.7)"]
postgresql-psycopg2binary = ["psycopg2-binary"]
postgresql-psycopg2cffi = ["psycopg2cffi"]
postgresql-psycopgbinary = ["psycopg[binary] (>=3.0.7)"]
pymysql = ["pymysql"]
sqlcipher = ["sqlcipher3-binary"]

[[package]]
name = "sqlparse"
version = "0.4.4"
description = "A non-validating SQL parser."
optional = false
python-versions = ">=3.5"
files = [
    {file = "sqlparse-0.4.4-py3-none-any.whl", hash = "sha256:5430a4fe2ac7d0f93e66f1efc6e1338a41884b7ddf2a350cedd20ccc4d9d28f3"},
    {file = "sqlparse-0.4.4.tar.gz", hash = "sha256:d446183e84b8349fa3061f0fe7f06ca94ba65b426946ffebe6e3e8295332420c"},
]

[package.extras]
dev = ["build", "flake8"]
doc = ["sphinx"]
test = ["pytest", "pytest-cov"]

[[package]]
name = "tabulate"
version = "0.9.0"
description = "Pretty-print tabular data"
optional = false
python-versions = ">=3.7"
files = [
    {file = "tabulate-0.9.0-py3-none-any.whl", hash = "sha256:024ca478df22e9340661486f85298cff5f6dcdba14f3813e8830015b9ed1948f"},
    {file = "tabulate-0.9.0.tar.gz", hash = "sha256:0095b12bf5966de529c0feb1fa08671671b3368eec77d7ef7ab114be2c068b3c"},
]

[package.extras]
widechars = ["wcwidth"]

[[package]]
name = "typing-extensions"
version = "4.8.0"
description = "Backported and Experimental Type Hints for Python 3.8+"
optional = false
python-versions = ">=3.8"
files = [
    {file = "typing_extensions-4.8.0-py3-none-any.whl", hash = "sha256:8f92fc8806f9a6b641eaa5318da32b44d401efaac0f6678c9bc448ba3605faa0"},
    {file = "typing_extensions-4.8.0.tar.gz", hash = "sha256:df8e4339e9cb77357558cbdbceca33c303714cf861d1eef15e1070055ae8b7ef"},
]

[[package]]
name = "tzdata"
version = "2023.3"
description = "Provider of IANA time zone data"
optional = false
python-versions = ">=2"
files = [
    {file = "tzdata-2023.3-py2.py3-none-any.whl", hash = "sha256:7e65763eef3120314099b6939b5546db7adce1e7d6f2e179e3df563c70511eda"},
    {file = "tzdata-2023.3.tar.gz", hash = "sha256:11ef1e08e54acb0d4f95bdb1be05da659673de4acbd21bf9c69e94cc5e907a3a"},
]

[[package]]
name = "yoyo-migrations"
version = "8.2.0"
description = "Database migrations with SQL"
optional = false
python-versions = "*"
files = [
    {file = "yoyo-migrations-8.2.0.tar.gz", hash = "sha256:820606a03e262cf1cd4f59e256c28fa446425224d5b82a3d1275fd78178523e4"},
    {file = "yoyo_migrations-8.2.0-py3-none-any.whl", hash = "sha256:27dabe7432859288b0bd771093f593e3dd2ff6dd4e3b8438992a07c9a7154660"},
]

[package.dependencies]
importlib-metadata = ">=3.6.0"
sqlparse = "*"
tabulate = "*"

[package.extras]
mysql = ["PyMySQL"]
postgres = ["psycopg2"]
pyodbc = ["pyodbc"]

[[package]]
name = "zipp"
version = "3.17.0"
description = "Backport of pathlib-compatible object wrapper for zip files"
optional = false
python-versions = ">=3.8"
files = [
    {file = "zipp-3.17.0-py3-none-any.whl", hash = "sha256:0e923e726174922dce09c53c59ad483ff7bbb8e572e00c7f7c46b88556409f31"},
    {file = "zipp-3.17.0.tar.gz", hash = "sha256:84e64a1c28cf7e91ed2078bb8cc8c259cb19b76942096c8d7b84947690cabaf0"},
]

[package.extras]
docs = ["furo", "jaraco.packaging (>=9.3)", "jaraco.tidelift (>=1.4)", "rst.linker (>=1.9)", "sphinx (<7.2.5)", "sphinx (>=3.5)", "sphinx-lint"]
testing = ["big-O", "jaraco.functools", "jaraco.itertools", "more-itertools", "pytest (>=6)", "pytest-black (>=0.3.7)", "pytest-checkdocs (>=2.4)", "pytest-cov", "pytest-enabler (>=2.2)", "pytest-ignore-flaky", "pytest-mypy (>=0.9.1)", "pytest-ruff"]

[metadata]
lock-version = "2.0"
python-versions = "^3.11"
content-hash = "c03f97e0338bd7d1f2f70527f39bef47f05d25dcd7a5cc3cd6f5caf7f8801ad5"
